
Microsoft Visual Studio Solution File, Format Version 12.00
# Visual Studio Version 17
VisualStudioVersion = 17.5.33516.290
MinimumVisualStudioVersion = 10.0.40219.1
Project("{888888A0-9F3D-457C-B088-3A5042F75D52}") = "Pyt_Fihrist", "Pyt_Fihrist\Pyt_Fihrist.pyproj", "{8AB0307C-E641-4269-A711-73BB6AC5C340}"
EndProject
Project("{888888A0-9F3D-457C-B088-3A5042F75D52}") = "Py_Classes", "Py_Classes\Py_Classes.pyproj", "{A682BA1C-FB23-44B9-8D93-DB4321928F0F}"
EndProject
Global
	GlobalSection(SolutionConfigurationPlatforms) = preSolution
		Debug|Any CPU = Debug|Any CPU
		Release|Any CPU = Release|Any CPU
	EndGlobalSection
	GlobalSection(ProjectConfigurationPlatforms) = postSolution
		{8AB0307C-E641-4269-A711-73BB6AC5C340}.Debug|Any CPU.ActiveCfg = Debug|Any CPU
		{8AB0307C-E641-4269-A711-73BB6AC5C340}.Release|Any CPU.ActiveCfg = Release|Any CPU
		{A682BA1C-FB23-44B9-8D93-DB4321928F0F}.Debug|Any CPU.ActiveCfg = Debug|Any CPU
		{A682BA1C-FB23-44B9-8D93-DB4321928F0F}.Release|Any CPU.ActiveCfg = Release|Any CPU
	EndGlobalSection
	GlobalSection(SolutionProperties) = preSolution
		HideSolutionNode = FALSE
	EndGlobalSection
	GlobalSection(ExtensibilityGlobals) = postSolution
		SolutionGuid = {41C8C630-7F43-43EC-8266-30495960E8DA}
	EndGlobalSection
EndGlobal
